
Microsoft Visual Studio Solution File, Format Version 11.00
# Visual C++ Express 2010
Project("{8BC9CEB8-8B4A-11D0-8D11-00A0C91BC942}") = "ComboShooter", "ComboShooter.vcxproj", "{7FF693F4-3F87-404D-9356-9A9345A51A5B}"
EndProject
Global
	GlobalSection(SolutionConfigurationPlatforms) = preSolution
		Debug|Win32 = Debug|Win32
		Release|Win32 = Release|Win32
	EndGlobalSection
	GlobalSection(ProjectConfigurationPlatforms) = postSolution
		{7FF693F4-3F87-404D-9356-9A9345A51A5B}.Debug|Win32.ActiveCfg = Debug|Win32
		{7FF693F4-3F87-404D-9356-9A9345A51A5B}.Debug|Win32.Build.0 = Debug|Win32
		{7FF693F4-3F87-404D-9356-9A9345A51A5B}.Release|Win32.ActiveCfg = Release|Win32
		{7FF693F4-3F87-404D-9356-9A9345A51A5B}.Release|Win32.Build.0 = Release|Win32
	EndGlobalSection
	GlobalSection(SolutionProperties) = preSolution
		HideSolutionNode = FALSE
	EndGlobalSection
EndGlobal
